
Microsoft Visual Studio Solution File, Format Version 12.00
# Visual Studio Version 17
VisualStudioVersion = 17.6.33815.320
MinimumVisualStudioVersion = 10.0.40219.1
Project("{FAE04EC0-301F-11D3-BF4B-00C04F79EFBC}") = "CV.Frontend", "CV.Frontend\CV.Frontend.csproj", "{38BE6567-C531-48C2-BFAA-6614BE6136C9}"
EndProject
Project("{FAE04EC0-301F-11D3-BF4B-00C04F79EFBC}") = "CV.API", "CV.API\CV.API.csproj", "{4BA09765-21CB-4027-A61C-28D2F4CDD385}"
EndProject
Project("{FAE04EC0-301F-11D3-BF4B-00C04F79EFBC}") = "Database", "Database\Database.csproj", "{A7DA36A2-8E53-4101-A38D-75016F56955C}"
EndProject
Project("{2150E333-8FDC-42A3-9474-1A3956D46DE8}") = "Core", "Core", "{8CCB19B4-5C5B-4E6D-9FA0-459DD1C1DFB0}"
EndProject
Project("{2150E333-8FDC-42A3-9474-1A3956D46DE8}") = "Application", "Application", "{D7DFF786-D402-4758-8696-F62971C2F28B}"
EndProject
Project("{2150E333-8FDC-42A3-9474-1A3956D46DE8}") = "Infrastructure", "Infrastructure", "{29E1D9FF-F3B4-4BF6-9303-DAEC264D9BCE}"
EndProject
Project("{2150E333-8FDC-42A3-9474-1A3956D46DE8}") = "API", "API", "{54129391-C908-4DDB-A2DD-7DEB1C495E6B}"
EndProject
Project("{FAE04EC0-301F-11D3-BF4B-00C04F79EFBC}") = "CV.Models", "CV.Models\CV.Models.csproj", "{7BDAC38F-D599-41D8-9224-3703D09BA465}"
EndProject
Project("{FAE04EC0-301F-11D3-BF4B-00C04F79EFBC}") = "CV.DatabaseModels", "CV.DatabaseModels\CV.DatabaseModels.csproj", "{369E79C1-D332-4668-9785-4540F3C91FA5}"
EndProject
Global
	GlobalSection(SolutionConfigurationPlatforms) = preSolution
		Debug|Any CPU = Debug|Any CPU
		Release|Any CPU = Release|Any CPU
	EndGlobalSection
	GlobalSection(ProjectConfigurationPlatforms) = postSolution
		{38BE6567-C531-48C2-BFAA-6614BE6136C9}.Debug|Any CPU.ActiveCfg = Debug|Any CPU
		{38BE6567-C531-48C2-BFAA-6614BE6136C9}.Debug|Any CPU.Build.0 = Debug|Any CPU
		{38BE6567-C531-48C2-BFAA-6614BE6136C9}.Release|Any CPU.ActiveCfg = Release|Any CPU
		{38BE6567-C531-48C2-BFAA-6614BE6136C9}.Release|Any CPU.Build.0 = Release|Any CPU
		{4BA09765-21CB-4027-A61C-28D2F4CDD385}.Debug|Any CPU.ActiveCfg = Debug|Any CPU
		{4BA09765-21CB-4027-A61C-28D2F4CDD385}.Debug|Any CPU.Build.0 = Debug|Any CPU
		{4BA09765-21CB-4027-A61C-28D2F4CDD385}.Release|Any CPU.ActiveCfg = Release|Any CPU
		{4BA09765-21CB-4027-A61C-28D2F4CDD385}.Release|Any CPU.Build.0 = Release|Any CPU
		{A7DA36A2-8E53-4101-A38D-75016F56955C}.Debug|Any CPU.ActiveCfg = Debug|Any CPU
		{A7DA36A2-8E53-4101-A38D-75016F56955C}.Debug|Any CPU.Build.0 = Debug|Any CPU
		{A7DA36A2-8E53-4101-A38D-75016F56955C}.Release|Any CPU.ActiveCfg = Release|Any CPU
		{A7DA36A2-8E53-4101-A38D-75016F56955C}.Release|Any CPU.Build.0 = Release|Any CPU
		{7BDAC38F-D599-41D8-9224-3703D09BA465}.Debug|Any CPU.ActiveCfg = Debug|Any CPU
		{7BDAC38F-D599-41D8-9224-3703D09BA465}.Debug|Any CPU.Build.0 = Debug|Any CPU
		{7BDAC38F-D599-41D8-9224-3703D09BA465}.Release|Any CPU.ActiveCfg = Release|Any CPU
		{7BDAC38F-D599-41D8-9224-3703D09BA465}.Release|Any CPU.Build.0 = Release|Any CPU
		{369E79C1-D332-4668-9785-4540F3C91FA5}.Debug|Any CPU.ActiveCfg = Debug|Any CPU
		{369E79C1-D332-4668-9785-4540F3C91FA5}.Debug|Any CPU.Build.0 = Debug|Any CPU
		{369E79C1-D332-4668-9785-4540F3C91FA5}.Release|Any CPU.ActiveCfg = Release|Any CPU
		{369E79C1-D332-4668-9785-4540F3C91FA5}.Release|Any CPU.Build.0 = Release|Any CPU
	EndGlobalSection
	GlobalSection(SolutionProperties) = preSolution
		HideSolutionNode = FALSE
	EndGlobalSection
	GlobalSection(NestedProjects) = preSolution
		{4BA09765-21CB-4027-A61C-28D2F4CDD385} = {54129391-C908-4DDB-A2DD-7DEB1C495E6B}
		{A7DA36A2-8E53-4101-A38D-75016F56955C} = {29E1D9FF-F3B4-4BF6-9303-DAEC264D9BCE}
		{7BDAC38F-D599-41D8-9224-3703D09BA465} = {8CCB19B4-5C5B-4E6D-9FA0-459DD1C1DFB0}
		{369E79C1-D332-4668-9785-4540F3C91FA5} = {8CCB19B4-5C5B-4E6D-9FA0-459DD1C1DFB0}
	EndGlobalSection
	GlobalSection(ExtensibilityGlobals) = postSolution
		SolutionGuid = {4982422F-D892-4684-96A4-785CC3893C16}
	EndGlobalSection
EndGlobal
